
Microsoft Visual Studio Solution File, Format Version 12.00
# Visual Studio Version 17
VisualStudioVersion = 17.11.35208.52
MinimumVisualStudioVersion = 10.0.40219.1
Project("{FAE04EC0-301F-11D3-BF4B-00C04F79EFBC}") = "MyPortfolyoUdemy", "MyPortfolyoUdemy\MyPortfolyoUdemy.csproj", "{A23DAC30-427E-4EF3-AACC-8B0058A0C8FF}"
EndProject
Global
	GlobalSection(SolutionConfigurationPlatforms) = preSolution
		Debug|Any CPU = Debug|Any CPU
		Release|Any CPU = Release|Any CPU
	EndGlobalSection
	GlobalSection(ProjectConfigurationPlatforms) = postSolution
		{A23DAC30-427E-4EF3-AACC-8B0058A0C8FF}.Debug|Any CPU.ActiveCfg = Debug|Any CPU
		{A23DAC30-427E-4EF3-AACC-8B0058A0C8FF}.Debug|Any CPU.Build.0 = Debug|Any CPU
		{A23DAC30-427E-4EF3-AACC-8B0058A0C8FF}.Release|Any CPU.ActiveCfg = Release|Any CPU
		{A23DAC30-427E-4EF3-AACC-8B0058A0C8FF}.Release|Any CPU.Build.0 = Release|Any CPU
	EndGlobalSection
	GlobalSection(SolutionProperties) = preSolution
		HideSolutionNode = FALSE
	EndGlobalSection
	GlobalSection(ExtensibilityGlobals) = postSolution
		SolutionGuid = {A7AD327F-C591-4187-9C70-D7830819C94F}
	EndGlobalSection
EndGlobal
